Microsoft Visual Studio Solution File, Format Version 12.00
# Visual Studio Version 17
VisualStudioVersion = 17.5.2.0
MinimumVisualStudioVersion = 10.0.40219.1
Project("{FAE04EC0-301F-11D3-BF4B-00C04F79EFBC}") = "CozyCleaners", "CozyCleaners.csproj", "{EEED03A0-04E5-4177-74ED-ED66D0ECA52F}"
EndProject
Global
	GlobalSection(SolutionConfigurationPlatforms) = preSolution
		Debug|Any CPU = Debug|Any CPU
		Release|Any CPU = Release|Any CPU
	EndGlobalSection
	GlobalSection(ProjectConfigurationPlatforms) = postSolution
		{EEED03A0-04E5-4177-74ED-ED66D0ECA52F}.Debug|Any CPU.ActiveCfg = Debug|Any CPU
		{EEED03A0-04E5-4177-74ED-ED66D0ECA52F}.Debug|Any CPU.Build.0 = Debug|Any CPU
		{EEED03A0-04E5-4177-74ED-ED66D0ECA52F}.Release|Any CPU.ActiveCfg = Release|Any CPU
		{EEED03A0-04E5-4177-74ED-ED66D0ECA52F}.Release|Any CPU.Build.0 = Release|Any CPU
	EndGlobalSection
	GlobalSection(SolutionProperties) = preSolution
		HideSolutionNode = FALSE
	EndGlobalSection
	GlobalSection(ExtensibilityGlobals) = postSolution
		SolutionGuid = {ECEF7822-6E12-4A11-9EAA-71490A5439AC}
	EndGlobalSection
EndGlobal
